
Microsoft Visual Studio Solution File, Format Version 12.00
# Visual Studio Version 17
VisualStudioVersion = 17.11.35219.272
MinimumVisualStudioVersion = 10.0.40219.1
Project("{2150E333-8FDC-42A3-9474-1A3956D46DE8}") = "BackEnd", "BackEnd", "{3A1BE886-D3E3-4E73-BBBD-1C9C5A0AD952}"
EndProject
Project("{2150E333-8FDC-42A3-9474-1A3956D46DE8}") = "FrontEnd", "FrontEnd", "{0D9FFB9D-8D85-4DAD-B74A-A5D29E0DA84E}"
EndProject
Project("{9A19103F-16F7-4668-BE54-9A1E7A4F7556}") = "Domain", "Domain\Domain.csproj", "{3E890B88-78ED-4548-BFE2-37A5A8422FCE}"
EndProject
Project("{9A19103F-16F7-4668-BE54-9A1E7A4F7556}") = "Infrastructure", "Infrastructure\Infrastructure.csproj", "{DE3A16E2-CF06-468A-A434-2477591C0FED}"
EndProject
Project("{9A19103F-16F7-4668-BE54-9A1E7A4F7556}") = "Application", "Application\Application.csproj", "{19404D80-7711-4701-8F0E-0518AB459D53}"
EndProject
Project("{9A19103F-16F7-4668-BE54-9A1E7A4F7556}") = "Api", "Api\Api.csproj", "{7F270106-2067-4DDC-A734-37FF58ABA624}"
EndProject
Project("{9A19103F-16F7-4668-BE54-9A1E7A4F7556}") = "CustomerWebApp", "CustomerWebApp\CustomerWebApp.csproj", "{3D3627D9-CF1F-4FC1-982F-948000AC70BC}"
EndProject
Project("{9A19103F-16F7-4668-BE54-9A1E7A4F7556}") = "StaffWebApp", "StaffWebApp\StaffWebApp.csproj", "{340F2EC1-B449-4B47-BC89-D96CB010ADD8}"
EndProject
Project("{9A19103F-16F7-4668-BE54-9A1E7A4F7556}") = "Common", "Common\Common.csproj", "{7A7C30E5-78BC-45DE-BC35-16AC2F3D07E4}"
EndProject
Project("{9A19103F-16F7-4668-BE54-9A1E7A4F7556}") = "VietNamAddress", "VietNamAddress\VietNamAddress.csproj", "{60CF9C68-C85D-4B3E-AA51-29BDC095DC3D}"
EndProject
Project("{9A19103F-16F7-4668-BE54-9A1E7A4F7556}") = "WebAppIntegrated", "WebAppIntegrated\WebAppIntegrated.csproj", "{7BC850C0-E8C7-4B9A-9EE9-40F9D72D0E08}"
EndProject
Project("{9A19103F-16F7-4668-BE54-9A1E7A4F7556}") = "UnitTest", "UnitTest\UnitTest.csproj", "{4973B1EE-3717-4F48-A92B-4111622AF3FB}"
EndProject
Global
	GlobalSection(SolutionConfigurationPlatforms) = preSolution
		Debug|Any CPU = Debug|Any CPU
		Release|Any CPU = Release|Any CPU
	EndGlobalSection
	GlobalSection(ProjectConfigurationPlatforms) = postSolution
		{3E890B88-78ED-4548-BFE2-37A5A8422FCE}.Debug|Any CPU.ActiveCfg = Debug|Any CPU
		{3E890B88-78ED-4548-BFE2-37A5A8422FCE}.Debug|Any CPU.Build.0 = Debug|Any CPU
		{3E890B88-78ED-4548-BFE2-37A5A8422FCE}.Release|Any CPU.ActiveCfg = Release|Any CPU
		{3E890B88-78ED-4548-BFE2-37A5A8422FCE}.Release|Any CPU.Build.0 = Release|Any CPU
		{DE3A16E2-CF06-468A-A434-2477591C0FED}.Debug|Any CPU.ActiveCfg = Debug|Any CPU
		{DE3A16E2-CF06-468A-A434-2477591C0FED}.Debug|Any CPU.Build.0 = Debug|Any CPU
		{DE3A16E2-CF06-468A-A434-2477591C0FED}.Release|Any CPU.ActiveCfg = Release|Any CPU
		{DE3A16E2-CF06-468A-A434-2477591C0FED}.Release|Any CPU.Build.0 = Release|Any CPU
		{19404D80-7711-4701-8F0E-0518AB459D53}.Debug|Any CPU.ActiveCfg = Debug|Any CPU
		{19404D80-7711-4701-8F0E-0518AB459D53}.Debug|Any CPU.Build.0 = Debug|Any CPU
		{19404D80-7711-4701-8F0E-0518AB459D53}.Release|Any CPU.ActiveCfg = Release|Any CPU
		{19404D80-7711-4701-8F0E-0518AB459D53}.Release|Any CPU.Build.0 = Release|Any CPU
		{7F270106-2067-4DDC-A734-37FF58ABA624}.Debug|Any CPU.ActiveCfg = Debug|Any CPU
		{7F270106-2067-4DDC-A734-37FF58ABA624}.Debug|Any CPU.Build.0 = Debug|Any CPU
		{7F270106-2067-4DDC-A734-37FF58ABA624}.Release|Any CPU.ActiveCfg = Release|Any CPU
		{7F270106-2067-4DDC-A734-37FF58ABA624}.Release|Any CPU.Build.0 = Release|Any CPU
		{3D3627D9-CF1F-4FC1-982F-948000AC70BC}.Debug|Any CPU.ActiveCfg = Debug|Any CPU
		{3D3627D9-CF1F-4FC1-982F-948000AC70BC}.Debug|Any CPU.Build.0 = Debug|Any CPU
		{3D3627D9-CF1F-4FC1-982F-948000AC70BC}.Release|Any CPU.ActiveCfg = Release|Any CPU
		{3D3627D9-CF1F-4FC1-982F-948000AC70BC}.Release|Any CPU.Build.0 = Release|Any CPU
		{340F2EC1-B449-4B47-BC89-D96CB010ADD8}.Debug|Any CPU.ActiveCfg = Debug|Any CPU
		{340F2EC1-B449-4B47-BC89-D96CB010ADD8}.Debug|Any CPU.Build.0 = Debug|Any CPU
		{340F2EC1-B449-4B47-BC89-D96CB010ADD8}.Release|Any CPU.ActiveCfg = Release|Any CPU
		{340F2EC1-B449-4B47-BC89-D96CB010ADD8}.Release|Any CPU.Build.0 = Release|Any CPU
		{7A7C30E5-78BC-45DE-BC35-16AC2F3D07E4}.Debug|Any CPU.ActiveCfg = Debug|Any CPU
		{7A7C30E5-78BC-45DE-BC35-16AC2F3D07E4}.Debug|Any CPU.Build.0 = Debug|Any CPU
		{7A7C30E5-78BC-45DE-BC35-16AC2F3D07E4}.Release|Any CPU.ActiveCfg = Release|Any CPU
		{7A7C30E5-78BC-45DE-BC35-16AC2F3D07E4}.Release|Any CPU.Build.0 = Release|Any CPU
		{60CF9C68-C85D-4B3E-AA51-29BDC095DC3D}.Debug|Any CPU.ActiveCfg = Debug|Any CPU
		{60CF9C68-C85D-4B3E-AA51-29BDC095DC3D}.Debug|Any CPU.Build.0 = Debug|Any CPU
		{60CF9C68-C85D-4B3E-AA51-29BDC095DC3D}.Release|Any CPU.ActiveCfg = Release|Any CPU
		{60CF9C68-C85D-4B3E-AA51-29BDC095DC3D}.Release|Any CPU.Build.0 = Release|Any CPU
		{7BC850C0-E8C7-4B9A-9EE9-40F9D72D0E08}.Debug|Any CPU.ActiveCfg = Debug|Any CPU
		{7BC850C0-E8C7-4B9A-9EE9-40F9D72D0E08}.Debug|Any CPU.Build.0 = Debug|Any CPU
		{7BC850C0-E8C7-4B9A-9EE9-40F9D72D0E08}.Release|Any CPU.ActiveCfg = Release|Any CPU
		{7BC850C0-E8C7-4B9A-9EE9-40F9D72D0E08}.Release|Any CPU.Build.0 = Release|Any CPU
		{4973B1EE-3717-4F48-A92B-4111622AF3FB}.Debug|Any CPU.ActiveCfg = Debug|Any CPU
		{4973B1EE-3717-4F48-A92B-4111622AF3FB}.Debug|Any CPU.Build.0 = Debug|Any CPU
		{4973B1EE-3717-4F48-A92B-4111622AF3FB}.Release|Any CPU.ActiveCfg = Release|Any CPU
		{4973B1EE-3717-4F48-A92B-4111622AF3FB}.Release|Any CPU.Build.0 = Release|Any CPU
	EndGlobalSection
	GlobalSection(SolutionProperties) = preSolution
		HideSolutionNode = FALSE
	EndGlobalSection
	GlobalSection(NestedProjects) = preSolution
		{3E890B88-78ED-4548-BFE2-37A5A8422FCE} = {3A1BE886-D3E3-4E73-BBBD-1C9C5A0AD952}
		{DE3A16E2-CF06-468A-A434-2477591C0FED} = {3A1BE886-D3E3-4E73-BBBD-1C9C5A0AD952}
		{19404D80-7711-4701-8F0E-0518AB459D53} = {3A1BE886-D3E3-4E73-BBBD-1C9C5A0AD952}
		{7F270106-2067-4DDC-A734-37FF58ABA624} = {3A1BE886-D3E3-4E73-BBBD-1C9C5A0AD952}
		{3D3627D9-CF1F-4FC1-982F-948000AC70BC} = {0D9FFB9D-8D85-4DAD-B74A-A5D29E0DA84E}
		{340F2EC1-B449-4B47-BC89-D96CB010ADD8} = {0D9FFB9D-8D85-4DAD-B74A-A5D29E0DA84E}
		{7A7C30E5-78BC-45DE-BC35-16AC2F3D07E4} = {3A1BE886-D3E3-4E73-BBBD-1C9C5A0AD952}
		{60CF9C68-C85D-4B3E-AA51-29BDC095DC3D} = {3A1BE886-D3E3-4E73-BBBD-1C9C5A0AD952}
		{7BC850C0-E8C7-4B9A-9EE9-40F9D72D0E08} = {0D9FFB9D-8D85-4DAD-B74A-A5D29E0DA84E}
		{4973B1EE-3717-4F48-A92B-4111622AF3FB} = {3A1BE886-D3E3-4E73-BBBD-1C9C5A0AD952}
	EndGlobalSection
	GlobalSection(ExtensibilityGlobals) = postSolution
		SolutionGuid = {E359B347-B7CD-41B0-BBE0-166624686E6C}
	EndGlobalSection
EndGlobal
